Microsoft Visual Studio Solution File, Format Version 12.00
# Visual Studio Version 17
VisualStudioVersion = 17.5.2.0
MinimumVisualStudioVersion = 10.0.40219.1
Project("{FAE04EC0-301F-11D3-BF4B-00C04F79EFBC}") = "CognitiveOverloadLMS", "CognitiveOverloadLMS.csproj", "{124769DE-22DD-863C-D7FA-09A27C1EE14D}"
EndProject
Global
	GlobalSection(SolutionConfigurationPlatforms) = preSolution
		Debug|Any CPU = Debug|Any CPU
		Release|Any CPU = Release|Any CPU
	EndGlobalSection
	GlobalSection(ProjectConfigurationPlatforms) = postSolution
		{124769DE-22DD-863C-D7FA-09A27C1EE14D}.Debug|Any CPU.ActiveCfg = Debug|Any CPU
		{124769DE-22DD-863C-D7FA-09A27C1EE14D}.Debug|Any CPU.Build.0 = Debug|Any CPU
		{124769DE-22DD-863C-D7FA-09A27C1EE14D}.Release|Any CPU.ActiveCfg = Release|Any CPU
		{124769DE-22DD-863C-D7FA-09A27C1EE14D}.Release|Any CPU.Build.0 = Release|Any CPU
	EndGlobalSection
	GlobalSection(SolutionProperties) = preSolution
		HideSolutionNode = FALSE
	EndGlobalSection
	GlobalSection(ExtensibilityGlobals) = postSolution
		SolutionGuid = {CB4DF591-5C01-4C66-9B4A-C61DB4969B2D}
	EndGlobalSection
EndGlobal
